
Microsoft Visual Studio Solution File, Format Version 12.00
# Visual Studio 15
VisualStudioVersion = 15.0.27703.2035
MinimumVisualStudioVersion = 10.0.40219.1
Project("{FAE04EC0-301F-11D3-BF4B-00C04F79EFBC}") = "Locadora", "Locadora\Locadora.csproj", "{439A4B52-D502-475A-81E1-CBA6F8E3FF18}"
EndProject
Global
	GlobalSection(SolutionConfigurationPlatforms) = preSolution
		Debug|Any CPU = Debug|Any CPU
		Release|Any CPU = Release|Any CPU
	EndGlobalSection
	GlobalSection(ProjectConfigurationPlatforms) = postSolution
		{439A4B52-D502-475A-81E1-CBA6F8E3FF18}.Debug|Any CPU.ActiveCfg = Debug|Any CPU
		{439A4B52-D502-475A-81E1-CBA6F8E3FF18}.Debug|Any CPU.Build.0 = Debug|Any CPU
		{439A4B52-D502-475A-81E1-CBA6F8E3FF18}.Release|Any CPU.ActiveCfg = Release|Any CPU
		{439A4B52-D502-475A-81E1-CBA6F8E3FF18}.Release|Any CPU.Build.0 = Release|Any CPU
	EndGlobalSection
	GlobalSection(SolutionProperties) = preSolution
		HideSolutionNode = FALSE
	EndGlobalSection
	GlobalSection(ExtensibilityGlobals) = postSolution
		SolutionGuid = {67436EAD-875A-43BA-8FCE-97F6E0505B95}
	EndGlobalSection
EndGlobal
